
Microsoft Visual Studio Solution File, Format Version 12.00
# Visual Studio Version 16
VisualStudioVersion = 16.0.30011.22
MinimumVisualStudioVersion = 10.0.40219.1
Project("{FAE04EC0-301F-11D3-BF4B-00C04F79EFBC}") = "ActorSystem.Core", "ActorSystem.Core\ActorSystem.Core.csproj", "{8F7573ED-55AD-4C98-AAE0-96CE779F3319}"
EndProject
Project("{FAE04EC0-301F-11D3-BF4B-00C04F79EFBC}") = "ActorSystem.PiCalculator", "ActorSystem.PiCalculator\ActorSystem.PiCalculator.csproj", "{18D1ED5D-FBDD-4E08-AF0D-26EC88B06E4B}"
EndProject
Global
	GlobalSection(SolutionConfigurationPlatforms) = preSolution
		Debug|Any CPU = Debug|Any CPU
		Release|Any CPU = Release|Any CPU
	EndGlobalSection
	GlobalSection(ProjectConfigurationPlatforms) = postSolution
		{8F7573ED-55AD-4C98-AAE0-96CE779F3319}.Debug|Any CPU.ActiveCfg = Debug|Any CPU
		{8F7573ED-55AD-4C98-AAE0-96CE779F3319}.Debug|Any CPU.Build.0 = Debug|Any CPU
		{8F7573ED-55AD-4C98-AAE0-96CE779F3319}.Release|Any CPU.ActiveCfg = Release|Any CPU
		{8F7573ED-55AD-4C98-AAE0-96CE779F3319}.Release|Any CPU.Build.0 = Release|Any CPU
		{18D1ED5D-FBDD-4E08-AF0D-26EC88B06E4B}.Debug|Any CPU.ActiveCfg = Debug|Any CPU
		{18D1ED5D-FBDD-4E08-AF0D-26EC88B06E4B}.Debug|Any CPU.Build.0 = Debug|Any CPU
		{18D1ED5D-FBDD-4E08-AF0D-26EC88B06E4B}.Release|Any CPU.ActiveCfg = Release|Any CPU
		{18D1ED5D-FBDD-4E08-AF0D-26EC88B06E4B}.Release|Any CPU.Build.0 = Release|Any CPU
	EndGlobalSection
	GlobalSection(SolutionProperties) = preSolution
		HideSolutionNode = FALSE
	EndGlobalSection
	GlobalSection(ExtensibilityGlobals) = postSolution
		SolutionGuid = {8E338BB2-41A5-4DDF-802E-731B46531DC0}
	EndGlobalSection
EndGlobal
